Microsoft Visual Studio Solution File, Format Version 11.00
# Visual Studio 2008

Project("{1173BFC9-8533-A2E3-64F8-EC1FA2A3E852}") = "leveleve", "Assembly-CSharp.csproj", "{2D9F3795-4ED0-B283-31B2-F0318C5C384F}"
EndProject
Global
	GlobalSection(SolutionConfigurationPlatforms) = preSolution
		Debug|Any CPU = Debug|Any CPU
		Release|Any CPU = Release|Any CPU
	EndGlobalSection
	GlobalSection(ProjectConfigurationPlatforms) = postSolution
		{2D9F3795-4ED0-B283-31B2-F0318C5C384F}.Debug|Any CPU.ActiveCfg = Debug|Any CPU
		{2D9F3795-4ED0-B283-31B2-F0318C5C384F}.Debug|Any CPU.Build.0 = Debug|Any CPU
		{2D9F3795-4ED0-B283-31B2-F0318C5C384F}.Release|Any CPU.ActiveCfg = Release|Any CPU
		{2D9F3795-4ED0-B283-31B2-F0318C5C384F}.Release|Any CPU.Build.0 = Release|Any CPU
	EndGlobalSection
	GlobalSection(SolutionProperties) = preSolution
		HideSolutionNode = FALSE
	EndGlobalSection
																																																						GlobalSection(MonoDevelopProperties) = preSolution
=======
																																																	GlobalSection(MonoDevelopProperties) = preSolution
>>>>>>> FETCH_HEAD
=======
														GlobalSection(MonoDevelopProperties) = preSolution
>>>>>>> origin/auvray
		StartupItem = Assembly-CSharp.csproj
		Policies = $0
		$0.TextStylePolicy = $1
		$1.inheritsSet = null
		$1.scope = text/x-csharp
		$0.CSharpFormattingPolicy = $2
		$2.inheritsSet = Mono
		$2.inheritsScope = text/x-csharp
		$2.scope = text/x-csharp
		$0.TextStylePolicy = $3
		$3.FileWidth = 120
		$3.TabWidth = 4
		$3.EolMarker = Unix
		$3.inheritsSet = Mono
		$3.inheritsScope = text/plain
		$3.scope = text/plain
	EndGlobalSection

EndGlobal
